
Microsoft Visual Studio Solution File, Format Version 12.00
# Visual Studio Version 17
VisualStudioVersion = 17.3.32811.315
MinimumVisualStudioVersion = 10.0.40219.1
Project("{FAE04EC0-301F-11D3-BF4B-00C04F79EFBC}") = "DiagZoneToXlsConverter", "DiagZoneToXlsConverter.csproj", "{B185623D-CDCC-4C28-A17B-70A2B64FE369}"
EndProject
Global
	GlobalSection(SolutionConfigurationPlatforms) = preSolution
		Debug|Any CPU = Debug|Any CPU
		Release|Any CPU = Release|Any CPU
	EndGlobalSection
	GlobalSection(ProjectConfigurationPlatforms) = postSolution
		{B185623D-CDCC-4C28-A17B-70A2B64FE369}.Debug|Any CPU.ActiveCfg = Debug|Any CPU
		{B185623D-CDCC-4C28-A17B-70A2B64FE369}.Debug|Any CPU.Build.0 = Debug|Any CPU
		{B185623D-CDCC-4C28-A17B-70A2B64FE369}.Release|Any CPU.ActiveCfg = Release|Any CPU
		{B185623D-CDCC-4C28-A17B-70A2B64FE369}.Release|Any CPU.Build.0 = Release|Any CPU
	EndGlobalSection
	GlobalSection(SolutionProperties) = preSolution
		HideSolutionNode = FALSE
	EndGlobalSection
	GlobalSection(ExtensibilityGlobals) = postSolution
		SolutionGuid = {9ABD04D8-880F-4706-8E87-53375629F137}
	EndGlobalSection
EndGlobal
